PODS:
  - Alamofire (5.0.5)
  - Bolts (1.9.0):
    - Bolts/AppLinks (= 1.9.0)
    - Bolts/Tasks (= 1.9.0)
  - Bolts/AppLinks (1.9.0):
    - Bolts/Tasks
  - Bolts/Tasks (1.9.0)
  - Facebook-iOS-SDK (4.38.0):
    - Bolts (~> 1.9)
    - Facebook-iOS-SDK/CoreKit (= 4.38.0)
    - Facebook-iOS-SDK/MarketingKit (= 4.38.0)
  - Facebook-iOS-SDK/CoreKit (4.38.0):
    - Bolts (~> 1.9)
    - FBSDKCoreKit
  - Facebook-iOS-SDK/MarketingKit (4.38.0):
    - Bolts (~> 1.9)
    - Facebook-iOS-SDK/CoreKit
    - FBSDKMarketingKit
  - FacebookCore (0.9.0):
    - FBSDKCoreKit (~> 5.0)
  - FacebookLogin (0.9.0):
    - FacebookCore (~> 0.9.0)
    - FBSDKCoreKit (~> 5.0)
    - FBSDKLoginKit (~> 5.0)
  - FBSDKCoreKit (5.15.1):
    - FBSDKCoreKit/Basics (= 5.15.1)
    - FBSDKCoreKit/Core (= 5.15.1)
  - FBSDKCoreKit/Basics (5.15.1)
  - FBSDKCoreKit/Core (5.15.1):
    - FBSDKCoreKit/Basics
  - FBSDKLoginKit (5.15.1):
    - FBSDKLoginKit/Login (= 5.15.1)
  - FBSDKLoginKit/Login (5.15.1):
    - FBSDKCoreKit (~> 5.0)
  - FBSDKMarketingKit (5.14.0):
    - FBSDKCoreKit (~> 5.5)
  - SDWebImage (5.6.1):
    - SDWebImage/Core (= 5.6.1)
  - SDWebImage/Core (5.6.1)

DEPENDENCIES:
  - Alamofire
  - Facebook-iOS-SDK
  - FacebookCore
  - FacebookLogin
  - SDWebImage

SPEC REPOS:
  trunk:
    - Alamofire
    - Bolts
    - Facebook-iOS-SDK
    - FacebookCore
    - FacebookLogin
    - FBSDKCoreKit
    - FBSDKLoginKit
    - FBSDKMarketingKit
    - SDWebImage

SPEC CHECKSUMS:
  Alamofire: df2f8f826963b08b9a870791ad48e07a10090b2e
  Bolts: ac6567323eac61e203f6a9763667d0f711be34c8
  Facebook-iOS-SDK: 9077b67c4178ea46c62997bcf2b6314ca6555440
  FacebookCore: ba86524b66cfa86d0f8e65d08faa8504a9f732dd
  FacebookLogin: 6cee9fd6e1fe976fe8f7eec199e27b28b14f5d63
  FBSDKCoreKit: 1d5acf7c9d7a2f92bb1a242dc60cae5b7adb91df
  FBSDKLoginKit: f1ea8026a58b52d30c9f2e6a58ca7d813619fb83
  FBSDKMarketingKit: b9dd220b38cc613c71d3eb626cd60bc8e938fbb4
  SDWebImage: 7edb9c3ea661e77a66661f7f044de8c1b55d1120

PODFILE CHECKSUM: 837675a3c2f3137e7b64c70bc566aae36b7e0893

COCOAPODS: 1.8.4
